
Microsoft Visual Studio Solution File, Format Version 12.00
# Visual Studio Version 16
VisualStudioVersion = 16.0.31321.278
MinimumVisualStudioVersion = 10.0.40219.1
Project("{9A19103F-16F7-4668-BE54-9A1E7A4F7556}") = "WS2021.SWE3.OR-Mapper", "WS2021.SWE3.OR-Mapper\WS2021.SWE3.OR-Mapper.csproj", "{6D851B34-69B1-47E4-9A51-4049A6263C32}"
EndProject
Project("{FAE04EC0-301F-11D3-BF4B-00C04F79EFBC}") = "WS2021.SWE3.EXAMPLE-APP", "WS2021.SWE3.EXAMPLE-APP\WS2021.SWE3.EXAMPLE-APP.csproj", "{7EB7837D-41D1-4DE2-98F8-EF088261A36D}"
EndProject
Global
	GlobalSection(SolutionConfigurationPlatforms) = preSolution
		Debug|Any CPU = Debug|Any CPU
		Release|Any CPU = Release|Any CPU
	EndGlobalSection
	GlobalSection(ProjectConfigurationPlatforms) = postSolution
		{6D851B34-69B1-47E4-9A51-4049A6263C32}.Debug|Any CPU.ActiveCfg = Debug|Any CPU
		{6D851B34-69B1-47E4-9A51-4049A6263C32}.Debug|Any CPU.Build.0 = Debug|Any CPU
		{6D851B34-69B1-47E4-9A51-4049A6263C32}.Release|Any CPU.ActiveCfg = Release|Any CPU
		{6D851B34-69B1-47E4-9A51-4049A6263C32}.Release|Any CPU.Build.0 = Release|Any CPU
		{7EB7837D-41D1-4DE2-98F8-EF088261A36D}.Debug|Any CPU.ActiveCfg = Debug|Any CPU
		{7EB7837D-41D1-4DE2-98F8-EF088261A36D}.Debug|Any CPU.Build.0 = Debug|Any CPU
		{7EB7837D-41D1-4DE2-98F8-EF088261A36D}.Release|Any CPU.ActiveCfg = Release|Any CPU
		{7EB7837D-41D1-4DE2-98F8-EF088261A36D}.Release|Any CPU.Build.0 = Release|Any CPU
	EndGlobalSection
	GlobalSection(SolutionProperties) = preSolution
		HideSolutionNode = FALSE
	EndGlobalSection
	GlobalSection(ExtensibilityGlobals) = postSolution
		SolutionGuid = {72987E6C-399F-4CC5-9F3F-25E4A4C04E21}
	EndGlobalSection
EndGlobal
